
Microsoft Visual Studio Solution File, Format Version 12.00
# Visual Studio Version 16
VisualStudioVersion = 16.0.30717.126
MinimumVisualStudioVersion = 10.0.40219.1
Project("{FAE04EC0-301F-11D3-BF4B-00C04F79EFBC}") = "TestGit", "TestGit\TestGit.csproj", "{80F1202D-787A-4B84-A237-39A8C18082D1}"
EndProject
Global
	GlobalSection(SolutionConfigurationPlatforms) = preSolution
		Debug|Any CPU = Debug|Any CPU
		Release|Any CPU = Release|Any CPU
	EndGlobalSection
	GlobalSection(ProjectConfigurationPlatforms) = postSolution
		{80F1202D-787A-4B84-A237-39A8C18082D1}.Debug|Any CPU.ActiveCfg = Debug|Any CPU
		{80F1202D-787A-4B84-A237-39A8C18082D1}.Debug|Any CPU.Build.0 = Debug|Any CPU
		{80F1202D-787A-4B84-A237-39A8C18082D1}.Release|Any CPU.ActiveCfg = Release|Any CPU
		{80F1202D-787A-4B84-A237-39A8C18082D1}.Release|Any CPU.Build.0 = Release|Any CPU
	EndGlobalSection
	GlobalSection(SolutionProperties) = preSolution
		HideSolutionNode = FALSE
	EndGlobalSection
	GlobalSection(ExtensibilityGlobals) = postSolution
		SolutionGuid = {302C96C2-B684-4F5F-8D14-E106DFC61A26}
	EndGlobalSection
EndGlobal
